
Microsoft Visual Studio Solution File, Format Version 12.00
# Visual Studio Version 17
VisualStudioVersion = 17.9.34728.123
MinimumVisualStudioVersion = 10.0.40219.1
Project("{FAE04EC0-301F-11D3-BF4B-00C04F79EFBC}") = "EssayAssistant", "EssayAssistant\EssayAssistant.csproj", "{6CB551A8-718A-4E7A-9FC2-AD8A3898A067}"
EndProject
Global
	GlobalSection(SolutionConfigurationPlatforms) = preSolution
		Debug|Any CPU = Debug|Any CPU
		Release|Any CPU = Release|Any CPU
	EndGlobalSection
	GlobalSection(ProjectConfigurationPlatforms) = postSolution
		{6CB551A8-718A-4E7A-9FC2-AD8A3898A067}.Debug|Any CPU.ActiveCfg = Debug|Any CPU
		{6CB551A8-718A-4E7A-9FC2-AD8A3898A067}.Debug|Any CPU.Build.0 = Debug|Any CPU
		{6CB551A8-718A-4E7A-9FC2-AD8A3898A067}.Release|Any CPU.ActiveCfg = Release|Any CPU
		{6CB551A8-718A-4E7A-9FC2-AD8A3898A067}.Release|Any CPU.Build.0 = Release|Any CPU
	EndGlobalSection
	GlobalSection(SolutionProperties) = preSolution
		HideSolutionNode = FALSE
	EndGlobalSection
	GlobalSection(ExtensibilityGlobals) = postSolution
		SolutionGuid = {6A65CF9C-7061-4696-9A87-5CD8FAF330D1}
	EndGlobalSection
EndGlobal
